
Microsoft Visual Studio Solution File, Format Version 12.00
# Visual Studio Version 16
VisualStudioVersion = 16.6.30114.105
MinimumVisualStudioVersion = 10.0.40219.1
Project("{FAE04EC0-301F-11D3-BF4B-00C04F79EFBC}") = "API", "API\API.csproj", "{8C8180CF-D7BC-458F-BCCD-180ACD5B9DBD}"
EndProject
Project("{FAE04EC0-301F-11D3-BF4B-00C04F79EFBC}") = "Application", "Application\Application.csproj", "{D31F2203-6C14-42A7-99B7-9EB137678DC4}"
EndProject
Project("{FAE04EC0-301F-11D3-BF4B-00C04F79EFBC}") = "Persistence", "Persistence\Persistence.csproj", "{71DD7ADB-C859-4A7C-B3EB-D299C4462FCB}"
EndProject
Project("{FAE04EC0-301F-11D3-BF4B-00C04F79EFBC}") = "Domain", "Domain\Domain.csproj", "{66899A88-2AC1-4189-829B-9F0AC861083C}"
EndProject
Global
	GlobalSection(SolutionConfigurationPlatforms) = preSolution
		Debug|Any CPU = Debug|Any CPU
		Debug|x64 = Debug|x64
		Debug|x86 = Debug|x86
		Release|Any CPU = Release|Any CPU
		Release|x64 = Release|x64
		Release|x86 = Release|x86
	EndGlobalSection
	GlobalSection(SolutionProperties) = preSolution
		HideSolutionNode = FALSE
	EndGlobalSection
	GlobalSection(ProjectConfigurationPlatforms) = postSolution
		{8C8180CF-D7BC-458F-BCCD-180ACD5B9DBD}.Debug|Any CPU.ActiveCfg = Debug|Any CPU
		{8C8180CF-D7BC-458F-BCCD-180ACD5B9DBD}.Debug|Any CPU.Build.0 = Debug|Any CPU
		{8C8180CF-D7BC-458F-BCCD-180ACD5B9DBD}.Debug|x64.ActiveCfg = Debug|Any CPU
		{8C8180CF-D7BC-458F-BCCD-180ACD5B9DBD}.Debug|x64.Build.0 = Debug|Any CPU
		{8C8180CF-D7BC-458F-BCCD-180ACD5B9DBD}.Debug|x86.ActiveCfg = Debug|Any CPU
		{8C8180CF-D7BC-458F-BCCD-180ACD5B9DBD}.Debug|x86.Build.0 = Debug|Any CPU
		{8C8180CF-D7BC-458F-BCCD-180ACD5B9DBD}.Release|Any CPU.ActiveCfg = Release|Any CPU
		{8C8180CF-D7BC-458F-BCCD-180ACD5B9DBD}.Release|Any CPU.Build.0 = Release|Any CPU
		{8C8180CF-D7BC-458F-BCCD-180ACD5B9DBD}.Release|x64.ActiveCfg = Release|Any CPU
		{8C8180CF-D7BC-458F-BCCD-180ACD5B9DBD}.Release|x64.Build.0 = Release|Any CPU
		{8C8180CF-D7BC-458F-BCCD-180ACD5B9DBD}.Release|x86.ActiveCfg = Release|Any CPU
		{8C8180CF-D7BC-458F-BCCD-180ACD5B9DBD}.Release|x86.Build.0 = Release|Any CPU
		{D31F2203-6C14-42A7-99B7-9EB137678DC4}.Debug|Any CPU.ActiveCfg = Debug|Any CPU
		{D31F2203-6C14-42A7-99B7-9EB137678DC4}.Debug|Any CPU.Build.0 = Debug|Any CPU
		{D31F2203-6C14-42A7-99B7-9EB137678DC4}.Debug|x64.ActiveCfg = Debug|Any CPU
		{D31F2203-6C14-42A7-99B7-9EB137678DC4}.Debug|x64.Build.0 = Debug|Any CPU
		{D31F2203-6C14-42A7-99B7-9EB137678DC4}.Debug|x86.ActiveCfg = Debug|Any CPU
		{D31F2203-6C14-42A7-99B7-9EB137678DC4}.Debug|x86.Build.0 = Debug|Any CPU
		{D31F2203-6C14-42A7-99B7-9EB137678DC4}.Release|Any CPU.ActiveCfg = Release|Any CPU
		{D31F2203-6C14-42A7-99B7-9EB137678DC4}.Release|Any CPU.Build.0 = Release|Any CPU
		{D31F2203-6C14-42A7-99B7-9EB137678DC4}.Release|x64.ActiveCfg = Release|Any CPU
		{D31F2203-6C14-42A7-99B7-9EB137678DC4}.Release|x64.Build.0 = Release|Any CPU
		{D31F2203-6C14-42A7-99B7-9EB137678DC4}.Release|x86.ActiveCfg = Release|Any CPU
		{D31F2203-6C14-42A7-99B7-9EB137678DC4}.Release|x86.Build.0 = Release|Any CPU
		{71DD7ADB-C859-4A7C-B3EB-D299C4462FCB}.Debug|Any CPU.ActiveCfg = Debug|Any CPU
		{71DD7ADB-C859-4A7C-B3EB-D299C4462FCB}.Debug|Any CPU.Build.0 = Debug|Any CPU
		{71DD7ADB-C859-4A7C-B3EB-D299C4462FCB}.Debug|x64.ActiveCfg = Debug|Any CPU
		{71DD7ADB-C859-4A7C-B3EB-D299C4462FCB}.Debug|x64.Build.0 = Debug|Any CPU
		{71DD7ADB-C859-4A7C-B3EB-D299C4462FCB}.Debug|x86.ActiveCfg = Debug|Any CPU
		{71DD7ADB-C859-4A7C-B3EB-D299C4462FCB}.Debug|x86.Build.0 = Debug|Any CPU
		{71DD7ADB-C859-4A7C-B3EB-D299C4462FCB}.Release|Any CPU.ActiveCfg = Release|Any CPU
		{71DD7ADB-C859-4A7C-B3EB-D299C4462FCB}.Release|Any CPU.Build.0 = Release|Any CPU
		{71DD7ADB-C859-4A7C-B3EB-D299C4462FCB}.Release|x64.ActiveCfg = Release|Any CPU
		{71DD7ADB-C859-4A7C-B3EB-D299C4462FCB}.Release|x64.Build.0 = Release|Any CPU
		{71DD7ADB-C859-4A7C-B3EB-D299C4462FCB}.Release|x86.ActiveCfg = Release|Any CPU
		{71DD7ADB-C859-4A7C-B3EB-D299C4462FCB}.Release|x86.Build.0 = Release|Any CPU
		{66899A88-2AC1-4189-829B-9F0AC861083C}.Debug|Any CPU.ActiveCfg = Debug|Any CPU
		{66899A88-2AC1-4189-829B-9F0AC861083C}.Debug|Any CPU.Build.0 = Debug|Any CPU
		{66899A88-2AC1-4189-829B-9F0AC861083C}.Debug|x64.ActiveCfg = Debug|Any CPU
		{66899A88-2AC1-4189-829B-9F0AC861083C}.Debug|x64.Build.0 = Debug|Any CPU
		{66899A88-2AC1-4189-829B-9F0AC861083C}.Debug|x86.ActiveCfg = Debug|Any CPU
		{66899A88-2AC1-4189-829B-9F0AC861083C}.Debug|x86.Build.0 = Debug|Any CPU
		{66899A88-2AC1-4189-829B-9F0AC861083C}.Release|Any CPU.ActiveCfg = Release|Any CPU
		{66899A88-2AC1-4189-829B-9F0AC861083C}.Release|Any CPU.Build.0 = Release|Any CPU
		{66899A88-2AC1-4189-829B-9F0AC861083C}.Release|x64.ActiveCfg = Release|Any CPU
		{66899A88-2AC1-4189-829B-9F0AC861083C}.Release|x64.Build.0 = Release|Any CPU
		{66899A88-2AC1-4189-829B-9F0AC861083C}.Release|x86.ActiveCfg = Release|Any CPU
		{66899A88-2AC1-4189-829B-9F0AC861083C}.Release|x86.Build.0 = Release|Any CPU
	EndGlobalSection
EndGlobal
